
Microsoft Visual Studio Solution File, Format Version 12.00
Project("{FAE04EC0-301F-11D3-BF4B-00C04F79EFBC}") = "UMLEditor", "UMLEditor\UMLEditor\UMLEditor.csproj", "{E0289B87-76C5-452D-9057-EF6AA2902F8F}"
EndProject
Project("{FAE04EC0-301F-11D3-BF4B-00C04F79EFBC}") = "UMLEditor.NetCore", "UMLEditor\UMLEditor.NetCore\UMLEditor.NetCore.csproj", "{9F2303E5-0E65-4247-820A-C3B25CDE648A}"
EndProject
Global
	GlobalSection(SolutionConfigurationPlatforms) = preSolution
		Debug|Any CPU = Debug|Any CPU
		Release|Any CPU = Release|Any CPU
	EndGlobalSection
	GlobalSection(ProjectConfigurationPlatforms) = postSolution
		{E0289B87-76C5-452D-9057-EF6AA2902F8F}.Debug|Any CPU.ActiveCfg = Debug|Any CPU
		{E0289B87-76C5-452D-9057-EF6AA2902F8F}.Debug|Any CPU.Build.0 = Debug|Any CPU
		{E0289B87-76C5-452D-9057-EF6AA2902F8F}.Release|Any CPU.ActiveCfg = Release|Any CPU
		{E0289B87-76C5-452D-9057-EF6AA2902F8F}.Release|Any CPU.Build.0 = Release|Any CPU
		{9F2303E5-0E65-4247-820A-C3B25CDE648A}.Debug|Any CPU.ActiveCfg = Debug|Any CPU
		{9F2303E5-0E65-4247-820A-C3B25CDE648A}.Debug|Any CPU.Build.0 = Debug|Any CPU
		{9F2303E5-0E65-4247-820A-C3B25CDE648A}.Release|Any CPU.ActiveCfg = Release|Any CPU
		{9F2303E5-0E65-4247-820A-C3B25CDE648A}.Release|Any CPU.Build.0 = Release|Any CPU
	EndGlobalSection
EndGlobal
